
Microsoft Visual Studio Solution File, Format Version 12.00
# Visual Studio Version 16
VisualStudioVersion = 16.0.29509.3
MinimumVisualStudioVersion = 10.0.40219.1
Project("{FAE04EC0-301F-11D3-BF4B-00C04F79EFBC}") = "OfficeBooker.Tests", "OfficeBooker.Tests\OfficeBooker.Tests.csproj", "{71F6085A-5D10-4E85-98C9-F3D9823DA3D1}"
EndProject
Global
	GlobalSection(SolutionConfigurationPlatforms) = preSolution
		Debug|Any CPU = Debug|Any CPU
		Release|Any CPU = Release|Any CPU
	EndGlobalSection
	GlobalSection(ProjectConfigurationPlatforms) = postSolution
		{71F6085A-5D10-4E85-98C9-F3D9823DA3D1}.Debug|Any CPU.ActiveCfg = Debug|Any CPU
		{71F6085A-5D10-4E85-98C9-F3D9823DA3D1}.Debug|Any CPU.Build.0 = Debug|Any CPU
		{71F6085A-5D10-4E85-98C9-F3D9823DA3D1}.Release|Any CPU.ActiveCfg = Release|Any CPU
		{71F6085A-5D10-4E85-98C9-F3D9823DA3D1}.Release|Any CPU.Build.0 = Release|Any CPU
	EndGlobalSection
	GlobalSection(SolutionProperties) = preSolution
		HideSolutionNode = FALSE
	EndGlobalSection
	GlobalSection(ExtensibilityGlobals) = postSolution
		SolutionGuid = {B7DCC852-10F3-4EC0-A775-D07DC696556A}
	EndGlobalSection
EndGlobal
