
Microsoft Visual Studio Solution File, Format Version 12.00
# Visual Studio Version 16
VisualStudioVersion = 16.0.29509.3
MinimumVisualStudioVersion = 10.0.40219.1
Project("{FAE04EC0-301F-11D3-BF4B-00C04F79EFBC}") = "CoworkHub.OfficeBooker.Tests", "OfficeBooker.Tests\CoworkHub.OfficeBooker.Tests.csproj", "{71F6085A-5D10-4E85-98C9-F3D9823DA3D1}"
EndProject
Project("{FAE04EC0-301F-11D3-BF4B-00C04F79EFBC}") = "CoworkHub.OfficeBooker", "OfficeBooker\CoworkHub.OfficeBooker.csproj", "{0C254F12-C1B5-450F-A3DF-C8AEB9C919D8}"
EndProject
Project("{FAE04EC0-301F-11D3-BF4B-00C04F79EFBC}") = "CoworkHub.DAL", "CoworkHub.DAL\CoworkHub.DAL.csproj", "{9892904D-D080-4D66-9E44-60951053581E}"
EndProject
Project("{FAE04EC0-301F-11D3-BF4B-00C04F79EFBC}") = "CoworkHub.Contracts", "CoworkHub.Contracts\CoworkHub.Contracts.csproj", "{30F58918-2C5F-4D61-897D-D1B585A9B9AD}"
EndProject
Global
	GlobalSection(SolutionConfigurationPlatforms) = preSolution
		Debug|Any CPU = Debug|Any CPU
		Release|Any CPU = Release|Any CPU
	EndGlobalSection
	GlobalSection(ProjectConfigurationPlatforms) = postSolution
		{71F6085A-5D10-4E85-98C9-F3D9823DA3D1}.Debug|Any CPU.ActiveCfg = Debug|Any CPU
		{71F6085A-5D10-4E85-98C9-F3D9823DA3D1}.Debug|Any CPU.Build.0 = Debug|Any CPU
		{71F6085A-5D10-4E85-98C9-F3D9823DA3D1}.Release|Any CPU.ActiveCfg = Release|Any CPU
		{71F6085A-5D10-4E85-98C9-F3D9823DA3D1}.Release|Any CPU.Build.0 = Release|Any CPU
		{0C254F12-C1B5-450F-A3DF-C8AEB9C919D8}.Debug|Any CPU.ActiveCfg = Debug|Any CPU
		{0C254F12-C1B5-450F-A3DF-C8AEB9C919D8}.Debug|Any CPU.Build.0 = Debug|Any CPU
		{0C254F12-C1B5-450F-A3DF-C8AEB9C919D8}.Release|Any CPU.ActiveCfg = Release|Any CPU
		{0C254F12-C1B5-450F-A3DF-C8AEB9C919D8}.Release|Any CPU.Build.0 = Release|Any CPU
		{9892904D-D080-4D66-9E44-60951053581E}.Debug|Any CPU.ActiveCfg = Debug|Any CPU
		{9892904D-D080-4D66-9E44-60951053581E}.Debug|Any CPU.Build.0 = Debug|Any CPU
		{9892904D-D080-4D66-9E44-60951053581E}.Release|Any CPU.ActiveCfg = Release|Any CPU
		{9892904D-D080-4D66-9E44-60951053581E}.Release|Any CPU.Build.0 = Release|Any CPU
		{30F58918-2C5F-4D61-897D-D1B585A9B9AD}.Debug|Any CPU.ActiveCfg = Debug|Any CPU
		{30F58918-2C5F-4D61-897D-D1B585A9B9AD}.Debug|Any CPU.Build.0 = Debug|Any CPU
		{30F58918-2C5F-4D61-897D-D1B585A9B9AD}.Release|Any CPU.ActiveCfg = Release|Any CPU
		{30F58918-2C5F-4D61-897D-D1B585A9B9AD}.Release|Any CPU.Build.0 = Release|Any CPU
	EndGlobalSection
	GlobalSection(SolutionProperties) = preSolution
		HideSolutionNode = FALSE
	EndGlobalSection
	GlobalSection(ExtensibilityGlobals) = postSolution
		SolutionGuid = {B7DCC852-10F3-4EC0-A775-D07DC696556A}
	EndGlobalSection
EndGlobal
